// !$*UTF8*$!
{
	archiveVersion = 1;
	classes = {
	};
	objectVersion = 46;
	objects = {

/* Begin PBXBuildFile section */
		CE735B4C1ECB0A37004A4025 /* AboutViewController.m in Sources */ = {isa = PBXBuildFile; fileRef = CE735B4A1ECB0A37004A4025 /* AboutViewController.m */; };
		CE735B4D1ECB0A37004A4025 /* AboutViewController.xib in Resources */ = {isa = PBXBuildFile; fileRef = CE735B4B1ECB0A37004A4025 /* AboutViewController.xib */; };
		CE735B531ECB2B7B004A4025 /* LicenseViewController.m in Sources */ = {isa = PBXBuildFile; fileRef = CE735B511ECB2B7B004A4025 /* LicenseViewController.m */; };
		CE735B541ECB2B7B004A4025 /* LicenseViewController.xib in Resources */ = {isa = PBXBuildFile; fileRef = CE735B521ECB2B7B004A4025 /* LicenseViewController.xib */; };
		CEF814AF1EC777F70002E360 /* main.m in Sources */ = {isa = PBXBuildFile; fileRef = CEF814AE1EC777F70002E360 /* main.m */; };
		CEF814B21EC777F70002E360 /* AppDelegate.m in Sources */ = {isa = PBXBuildFile; fileRef = CEF814B11EC777F70002E360 /* AppDelegate.m */; };
		CEF814B51EC777F70002E360 /* ViewController.m in Sources */ = {isa = PBXBuildFile; fileRef = CEF814B41EC777F70002E360 /* ViewController.m */; };
		CEF814B81EC777F70002E360 /* Main.storyboard in Resources */ = {isa = PBXBuildFile; fileRef = CEF814B61EC777F70002E360 /* Main.storyboard */; };
		CEF814BA1EC777F70002E360 /* Assets.xcassets in Resources */ = {isa = PBXBuildFile; fileRef = CEF814B91EC777F70002E360 /* Assets.xcassets */; };
		CEF814BD1EC777F70002E360 /* LaunchScreen.storyboard in Resources */ = {isa = PBXBuildFile; fileRef = CEF814BB1EC777F70002E360 /* LaunchScreen.storyboard */; };
		EF2FB4AA1ED5702000568FF8 /* CalculatorModel.m in Sources */ = {isa = PBXBuildFile; fileRef = EF2FB4A91ED5702000568FF8 /* CalculatorModel.m */; };
		EF2FB4C01ED8B29400568FF8 /* Constants.m in Sources */ = {isa = PBXBuildFile; fileRef = EF2FB4BF1ED8B29400568FF8 /* Constants.m */; };
/* End PBXBuildFile section */

/* Begin PBXFileReference section */
		CE735B491ECB0A37004A4025 /* AboutViewController.h */ = {isa = PBXFileReference; fileEncoding = 4; lastKnownFileType = sourcecode.c.h; name = AboutViewController.h; path = AdditionalControllers/AboutViewController.h; sourceTree = "<group>"; };
		CE735B4A1ECB0A37004A4025 /* AboutViewController.m */ = {isa = PBXFileReference; fileEncoding = 4; lastKnownFileType = sourcecode.c.objc; name = AboutViewController.m; path = AdditionalControllers/AboutViewController.m; sourceTree = "<group>"; };
		CE735B4B1ECB0A37004A4025 /* AboutViewController.xib */ = {isa = PBXFileReference; fileEncoding = 4; lastKnownFileType = file.xib; name = AboutViewController.xib; path = AdditionalControllers/AboutViewController.xib; sourceTree = "<group>"; };
		CE735B501ECB2B7B004A4025 /* LicenseViewController.h */ = {isa = PBXFileReference; fileEncoding = 4; lastKnownFileType = sourcecode.c.h; name = LicenseViewController.h; path = AdditionalControllers/LicenseViewController.h; sourceTree = "<group>"; };
		CE735B511ECB2B7B004A4025 /* LicenseViewController.m */ = {isa = PBXFileReference; fileEncoding = 4; lastKnownFileType = sourcecode.c.objc; name = LicenseViewController.m; path = AdditionalControllers/LicenseViewController.m; sourceTree = "<group>"; };
		CE735B521ECB2B7B004A4025 /* LicenseViewController.xib */ = {isa = PBXFileReference; fileEncoding = 4; lastKnownFileType = file.xib; name = LicenseViewController.xib; path = AdditionalControllers/LicenseViewController.xib; sourceTree = "<group>"; };
		CEF814AA1EC777F70002E360 /* Calculator.app */ = {isa = PBXFileReference; explicitFileType = wrapper.application; includeInIndex = 0; path = Calculator.app; sourceTree = BUILT_PRODUCTS_DIR; };
		CEF814AE1EC777F70002E360 /* main.m */ = {isa = PBXFileReference; lastKnownFileType = sourcecode.c.objc; path = main.m; sourceTree = "<group>"; };
		CEF814B01EC777F70002E360 /* AppDelegate.h */ = {isa = PBXFileReference; lastKnownFileType = sourcecode.c.h; path = AppDelegate.h; sourceTree = "<group>"; };
		CEF814B11EC777F70002E360 /* AppDelegate.m */ = {isa = PBXFileReference; lastKnownFileType = sourcecode.c.objc; path = AppDelegate.m; sourceTree = "<group>"; };
		CEF814B31EC777F70002E360 /* ViewController.h */ = {isa = PBXFileReference; lastKnownFileType = sourcecode.c.h; path = ViewController.h; sourceTree = "<group>"; };
		CEF814B41EC777F70002E360 /* ViewController.m */ = {isa = PBXFileReference; lastKnownFileType = sourcecode.c.objc; path = ViewController.m; sourceTree = "<group>"; };
		CEF814B71EC777F70002E360 /* Base */ = {isa = PBXFileReference; lastKnownFileType = file.storyboard; name = Base; path = Base.lproj/Main.storyboard; sourceTree = "<group>"; };
		CEF814B91EC777F70002E360 /* Assets.xcassets */ = {isa = PBXFileReference; lastKnownFileType = folder.assetcatalog; path = Assets.xcassets; sourceTree = "<group>"; };
		CEF814BC1EC777F70002E360 /* Base */ = {isa = PBXFileReference; lastKnownFileType = file.storyboard; name = Base; path = Base.lproj/LaunchScreen.storyboard; sourceTree = "<group>"; };
		CEF814BE1EC777F70002E360 /* Info.plist */ = {isa = PBXFileReference; lastKnownFileType = text.plist.xml; path = Info.plist; sourceTree = "<group>"; };
		EF2FB4A81ED5702000568FF8 /* CalculatorModel.h */ = {isa = PBXFileReference; fileEncoding = 4; lastKnownFileType = sourcecode.c.h; name = CalculatorModel.h; path = Model/CalculatorModel.h; sourceTree = "<group>"; };
		EF2FB4A91ED5702000568FF8 /* CalculatorModel.m */ = {isa = PBXFileReference; fileEncoding = 4; lastKnownFileType = sourcecode.c.objc; name = CalculatorModel.m; path = Model/CalculatorModel.m; sourceTree = "<group>"; };
		EF2FB4BE1ED8B29400568FF8 /* Constants.h */ = {isa = PBXFileReference; fileEncoding = 4; lastKnownFileType = sourcecode.c.h; name = Constants.h; path = Model/Constants.h; sourceTree = "<group>"; };
		EF2FB4BF1ED8B29400568FF8 /* Constants.m */ = {isa = PBXFileReference; fileEncoding = 4; lastKnownFileType = sourcecode.c.objc; name = Constants.m; path = Model/Constants.m; sourceTree = "<group>"; };
/* End PBXFileReference section */

/* Begin PBXFrameworksBuildPhase section */
		CEF814A71EC777F70002E360 /* Frameworks */ = {
			isa = PBXFrameworksBuildPhase;
			buildActionMask = 2147483647;
			files = (
			);
			runOnlyForDeploymentPostprocessing = 0;
		};
/* End PBXFrameworksBuildPhase section */

/* Begin PBXGroup section */
		CE735B4E1ECB0A41004A4025 /* AdditionalControllers */ = {
			isa = PBXGroup;
			children = (
				CE735B491ECB0A37004A4025 /* AboutViewController.h */,
				CE735B4A1ECB0A37004A4025 /* AboutViewController.m */,
				CE735B4B1ECB0A37004A4025 /* AboutViewController.xib */,
				CE735B501ECB2B7B004A4025 /* LicenseViewController.h */,
				CE735B511ECB2B7B004A4025 /* LicenseViewController.m */,
				CE735B521ECB2B7B004A4025 /* LicenseViewController.xib */,
			);
			name = AdditionalControllers;
			sourceTree = "<group>";
		};
		CEF814A11EC777F70002E360 = {
			isa = PBXGroup;
			children = (
				CEF814AC1EC777F70002E360 /* Calculator */,
				CEF814AB1EC777F70002E360 /* Products */,
			);
			sourceTree = "<group>";
		};
		CEF814AB1EC777F70002E360 /* Products */ = {
			isa = PBXGroup;
			children = (
				CEF814AA1EC777F70002E360 /* Calculator.app */,
			);
			name = Products;
			sourceTree = "<group>";
		};
		CEF814AC1EC777F70002E360 /* Calculator */ = {
			isa = PBXGroup;
			children = (
				EF2FB4A71ED56FD200568FF8 /* Model */,
				CE735B4E1ECB0A41004A4025 /* AdditionalControllers */,
				CEF814B01EC777F70002E360 /* AppDelegate.h */,
				CEF814B11EC777F70002E360 /* AppDelegate.m */,
				CEF814B31EC777F70002E360 /* ViewController.h */,
				CEF814B41EC777F70002E360 /* ViewController.m */,
				CEF814AD1EC777F70002E360 /* Supporting Files */,
			);
			path = Calculator;
			sourceTree = "<group>";
		};
		CEF814AD1EC777F70002E360 /* Supporting Files */ = {
			isa = PBXGroup;
			children = (
				CEF814B61EC777F70002E360 /* Main.storyboard */,
				CEF814B91EC777F70002E360 /* Assets.xcassets */,
				CEF814BB1EC777F70002E360 /* LaunchScreen.storyboard */,
				CEF814BE1EC777F70002E360 /* Info.plist */,
				CEF814AE1EC777F70002E360 /* main.m */,
			);
			name = "Supporting Files";
			sourceTree = "<group>";
		};
		EF2FB4A71ED56FD200568FF8 /* Model */ = {
			isa = PBXGroup;
			children = (
				EF2FB4A81ED5702000568FF8 /* CalculatorModel.h */,
				EF2FB4A91ED5702000568FF8 /* CalculatorModel.m */,
				EF2FB4BE1ED8B29400568FF8 /* Constants.h */,
				EF2FB4BF1ED8B29400568FF8 /* Constants.m */,
			);
			name = Model;
			sourceTree = "<group>";
		};
/* End PBXGroup section */

/* Begin PBXNativeTarget section */
		CEF814A91EC777F70002E360 /* Calculator */ = {
			isa = PBXNativeTarget;
			buildConfigurationList = CEF814C11EC777F70002E360 /* Build configuration list for PBXNativeTarget "Calculator" */;
			buildPhases = (
				CEF814A61EC777F70002E360 /* Sources */,
				CEF814A71EC777F70002E360 /* Frameworks */,
				CEF814A81EC777F70002E360 /* Resources */,
			);
			buildRules = (
			);
			dependencies = (
			);
			name = Calculator;
			productName = Calculator;
			productReference = CEF814AA1EC777F70002E360 /* Calculator.app */;
			productType = "com.apple.product-type.application";
		};
/* End PBXNativeTarget section */

/* Begin PBXProject section */
		CEF814A21EC777F70002E360 /* Project object */ = {
			isa = PBXProject;
			attributes = {
				LastUpgradeCheck = 0830;
				ORGANIZATIONNAME = study;
				TargetAttributes = {
					CEF814A91EC777F70002E360 = {
						CreatedOnToolsVersion = 8.3.2;
						DevelopmentTeam = 9M22BH66EU;
						ProvisioningStyle = Automatic;
					};
				};
			};
			buildConfigurationList = CEF814A51EC777F70002E360 /* Build configuration list for PBXProject "Calculator" */;
			compatibilityVersion = "Xcode 3.2";
			developmentRegion = English;
			hasScannedForEncodings = 0;
			knownRegions = (
				en,
				Base,
			);
			mainGroup = CEF814A11EC777F70002E360;
			productRefGroup = CEF814AB1EC777F70002E360 /* Products */;
			projectDirPath = "";
			projectRoot = "";
			targets = (
				CEF814A91EC777F70002E360 /* Calculator */,
			);
		};
/* End PBXProject section */

/* Begin PBXResourcesBuildPhase section */
		CEF814A81EC777F70002E360 /* Resources */ = {
			isa = PBXResourcesBuildPhase;
			buildActionMask = 2147483647;
			files = (
				CEF814BD1EC777F70002E360 /* LaunchScreen.storyboard in Resources */,
				CEF814BA1EC777F70002E360 /* Assets.xcassets in Resources */,
				CE735B4D1ECB0A37004A4025 /* AboutViewController.xib in Resources */,
				CEF814B81EC777F70002E360 /* Main.storyboard in Resources */,
				CE735B541ECB2B7B004A4025 /* LicenseViewController.xib in Resources */,
			);
			runOnlyForDeploymentPostprocessing = 0;
		};
/* End PBXResourcesBuildPhase section */

/* Begin PBXSourcesBuildPhase section */
		CEF814A61EC777F70002E360 /* Sources */ = {
			isa = PBXSourcesBuildPhase;
			buildActionMask = 2147483647;
			files = (
				CEF814B51EC777F70002E360 /* ViewController.m in Sources */,
				CE735B531ECB2B7B004A4025 /* LicenseViewController.m in Sources */,
				CEF814B21EC777F70002E360 /* AppDelegate.m in Sources */,
				CE735B4C1ECB0A37004A4025 /* AboutViewController.m in Sources */,
				CEF814AF1EC777F70002E360 /* main.m in Sources */,
				EF2FB4C01ED8B29400568FF8 /* Constants.m in Sources */,
				EF2FB4AA1ED5702000568FF8 /* CalculatorModel.m in Sources */,
			);
			runOnlyForDeploymentPostprocessing = 0;
		};
/* End PBXSourcesBuildPhase section */

/* Begin PBXVariantGroup section */
		CEF814B61EC777F70002E360 /* Main.storyboard */ = {
			isa = PBXVariantGroup;
			children = (
				CEF814B71EC777F70002E360 /* Base */,
			);
			name = Main.storyboard;
			sourceTree = "<group>";
		};
		CEF814BB1EC777F70002E360 /* LaunchScreen.storyboard */ = {
			isa = PBXVariantGroup;
			children = (
				CEF814BC1EC777F70002E360 /* Base */,
			);
			name = LaunchScreen.storyboard;
			sourceTree = "<group>";
		};
/* End PBXVariantGroup section */

/* Begin XCBuildConfiguration section */
		CEF814BF1EC777F70002E360 /* Debug */ = {
			isa = XCBuildConfiguration;
			buildSettings = {
				ALWAYS_SEARCH_USER_PATHS = NO;
				CLANG_ANALYZER_NONNULL = YES;
				CLANG_ANALYZER_NUMBER_OBJECT_CONVERSION = YES_AGGRESSIVE;
				CLANG_CXX_LANGUAGE_STANDARD = "gnu++0x";
				CLANG_CXX_LIBRARY = "libc++";
				CLANG_ENABLE_MODULES = YES;
				CLANG_ENABLE_OBJC_ARC = NO;
				CLANG_WARN_BOOL_CONVERSION = YES;
				CLANG_WARN_CONSTANT_CONVERSION = YES;
				CLANG_WARN_DIRECT_OBJC_ISA_USAGE = YES_ERROR;
				CLANG_WARN_DOCUMENTATION_COMMENTS = YES;
				CLANG_WARN_EMPTY_BODY = YES;
				CLANG_WARN_ENUM_CONVERSION = YES;
				CLANG_WARN_INFINITE_RECURSION = YES;
				CLANG_WARN_INT_CONVERSION = YES;
				CLANG_WARN_OBJC_ROOT_CLASS = YES_ERROR;
				CLANG_WARN_SUSPICIOUS_MOVE = YES;
				CLANG_WARN_UNREACHABLE_CODE = YES;
				CLANG_WARN__DUPLICATE_METHOD_MATCH = YES;
				"CODE_SIGN_IDENTITY[sdk=iphoneos*]" = "iPhone Developer";
				COPY_PHASE_STRIP = NO;
				DEBUG_INFORMATION_FORMAT = dwarf;
				ENABLE_STRICT_OBJC_MSGSEND = YES;
				ENABLE_TESTABILITY = YES;
				GCC_C_LANGUAGE_STANDARD = gnu99;
				GCC_DYNAMIC_NO_PIC = NO;
				GCC_NO_COMMON_BLOCKS = YES;
				GCC_OPTIMIZATION_LEVEL = 0;
				GCC_PREPROCESSOR_DEFINITIONS = (
					"DEBUG=1",
					"$(inherited)",
				);
				GCC_WARN_64_TO_32_BIT_CONVERSION = YES;
				GCC_WARN_ABOUT_RETURN_TYPE = YES_ERROR;
				GCC_WARN_UNDECLARED_SELECTOR = YES;
				GCC_WARN_UNINITIALIZED_AUTOS = YES_AGGRESSIVE;
				GCC_WARN_UNUSED_FUNCTION = YES;
				GCC_WARN_UNUSED_VARIABLE = YES;
				IPHONEOS_DEPLOYMENT_TARGET = 10.3;
				MTL_ENABLE_DEBUG_INFO = YES;
				ONLY_ACTIVE_ARCH = YES;
				SDKROOT = iphoneos;
			};
			name = Debug;
		};
		CEF814C01EC777F70002E360 /* Release */ = {
			isa = XCBuildConfiguration;
			buildSettings = {
				ALWAYS_SEARCH_USER_PATHS = NO;
				CLANG_ANALYZER_NONNULL = YES;
				CLANG_ANALYZER_NUMBER_OBJECT_CONVERSION = YES_AGGRESSIVE;
				CLANG_CXX_LANGUAGE_STANDARD = "gnu++0x";
				CLANG_CXX_LIBRARY = "libc++";
				CLANG_ENABLE_MODULES = YES;
				CLANG_ENABLE_OBJC_ARC = NO;
				CLANG_WARN_BOOL_CONVERSION = YES;
				CLANG_WARN_CONSTANT_CONVERSION = YES;
				CLANG_WARN_DIRECT_OBJC_ISA_USAGE = YES_ERROR;
				CLANG_WARN_DOCUMENTATION_COMMENTS = YES;
				CLANG_WARN_EMPTY_BODY = YES;
				CLANG_WARN_ENUM_CONVERSION = YES;
				CLANG_WARN_INFINITE_RECURSION = YES;
				CLANG_WARN_INT_CONVERSION = YES;
				CLANG_WARN_OBJC_ROOT_CLASS = YES_ERROR;
				CLANG_WARN_SUSPICIOUS_MOVE = YES;
				CLANG_WARN_UNREACHABLE_CODE = YES;
				CLANG_WARN__DUPLICATE_METHOD_MATCH = YES;
				"CODE_SIGN_IDENTITY[sdk=iphoneos*]" = "iPhone Developer";
				COPY_PHASE_STRIP = NO;
				DEBUG_INFORMATION_FORMAT = "dwarf-with-dsym";
				ENABLE_NS_ASSERTIONS = NO;
				ENABLE_STRICT_OBJC_MSGSEND = YES;
				GCC_C_LANGUAGE_STANDARD = gnu99;
				GCC_NO_COMMON_BLOCKS = YES;
				GCC_WARN_64_TO_32_BIT_CONVERSION = YES;
				GCC_WARN_ABOUT_RETURN_TYPE = YES_ERROR;
				GCC_WARN_UNDECLARED_SELECTOR = YES;
				GCC_WARN_UNINITIALIZED_AUTOS = YES_AGGRESSIVE;
				GCC_WARN_UNUSED_FUNCTION = YES;
				GCC_WARN_UNUSED_VARIABLE = YES;
				IPHONEOS_DEPLOYMENT_TARGET = 10.3;
				MTL_ENABLE_DEBUG_INFO = NO;
				SDKROOT = iphoneos;
				VALIDATE_PRODUCT = YES;
			};
			name = Release;
		};
		CEF814C21EC777F70002E360 /* Debug */ = {
			isa = XCBuildConfiguration;
			buildSettings = {
				ASSETCATALOG_COMPILER_APPICON_NAME = AppIcon;
				DEVELOPMENT_TEAM = 9M22BH66EU;
				INFOPLIST_FILE = Calculator/Info.plist;
				IPHONEOS_DEPLOYMENT_TARGET = 10.3;
				LD_RUNPATH_SEARCH_PATHS = "$(inherited) @executable_path/Frameworks";
				PRODUCT_BUNDLE_IDENTIFIER = noegon.Calculator;
				PRODUCT_NAME = "$(TARGET_NAME)";
			};
			name = Debug;
		};
		CEF814C31EC777F70002E360 /* Release */ = {
			isa = XCBuildConfiguration;
			buildSettings = {
				ASSETCATALOG_COMPILER_APPICON_NAME = AppIcon;
				DEVELOPMENT_TEAM = 9M22BH66EU;
				INFOPLIST_FILE = Calculator/Info.plist;
				IPHONEOS_DEPLOYMENT_TARGET = 10.3;
				LD_RUNPATH_SEARCH_PATHS = "$(inherited) @executable_path/Frameworks";
				PRODUCT_BUNDLE_IDENTIFIER = noegon.Calculator;
				PRODUCT_NAME = "$(TARGET_NAME)";
			};
			name = Release;
		};
/* End XCBuildConfiguration section */

/* Begin XCConfigurationList section */
		CEF814A51EC777F70002E360 /* Build configuration list for PBXProject "Calculator" */ = {
			isa = XCConfigurationList;
			buildConfigurations = (
				CEF814BF1EC777F70002E360 /* Debug */,
				CEF814C01EC777F70002E360 /* Release */,
			);
			defaultConfigurationIsVisible = 0;
			defaultConfigurationName = Release;
		};
		CEF814C11EC777F70002E360 /* Build configuration list for PBXNativeTarget "Calculator" */ = {
			isa = XCConfigurationList;
			buildConfigurations = (
				CEF814C21EC777F70002E360 /* Debug */,
				CEF814C31EC777F70002E360 /* Release */,
			);
			defaultConfigurationIsVisible = 0;
			defaultConfigurationName = Release;
		};
/* End XCConfigurationList section */
	};
	rootObject = CEF814A21EC777F70002E360 /* Project object */;
}
